
Microsoft Visual Studio Solution File, Format Version 12.00
# Visual Studio Version 17
VisualStudioVersion = 17.14.36717.8 d17.14
MinimumVisualStudioVersion = 10.0.40219.1
Project("{FAE04EC0-301F-11D3-BF4B-00C04F79EFBC}") = "PassportVisaService", "PassportVisaService\PassportVisaService.csproj", "{8B6D06B0-4F13-4143-A727-E6E9C9288238}"
EndProject
Global
	GlobalSection(SolutionConfigurationPlatforms) = preSolution
		Debug|Any CPU = Debug|Any CPU
		Release|Any CPU = Release|Any CPU
	EndGlobalSection
	GlobalSection(ProjectConfigurationPlatforms) = postSolution
		{8B6D06B0-4F13-4143-A727-E6E9C9288238}.Debug|Any CPU.ActiveCfg = Debug|Any CPU
		{8B6D06B0-4F13-4143-A727-E6E9C9288238}.Debug|Any CPU.Build.0 = Debug|Any CPU
		{8B6D06B0-4F13-4143-A727-E6E9C9288238}.Release|Any CPU.ActiveCfg = Release|Any CPU
		{8B6D06B0-4F13-4143-A727-E6E9C9288238}.Release|Any CPU.Build.0 = Release|Any CPU
	EndGlobalSection
	GlobalSection(SolutionProperties) = preSolution
		HideSolutionNode = FALSE
	EndGlobalSection
	GlobalSection(ExtensibilityGlobals) = postSolution
		SolutionGuid = {8B9463D9-6C75-4AFD-AD22-98C0BA6212F2}
	EndGlobalSection
EndGlobal
